Microsoft Visual Studio Solution File, Format Version 12.00
# Visual Studio 14
VisualStudioVersion = 14.0.25420.1
MinimumVisualStudioVersion = 10.0.40219.1
Project("{8BC9CEB8-8B4A-11D0-8D11-00A0C91BC942}") = "AfxHookSource", "prop\AfxHookSource\AfxHookSource.vcxproj", "{3B8B10B2-05E6-4D15-8022-65D3D60DCCCD}"
EndProject
Project("{8BC9CEB8-8B4A-11D0-8D11-00A0C91BC942}") = "AfxCppCli", "prop\AfxCppCli\AfxCppCli.vcxproj", "{98ECBBB4-6BE2-42E2-8754-E18827852534}"
EndProject
Project("{8BC9CEB8-8B4A-11D0-8D11-00A0C91BC942}") = "DummyLoader", "prop\tests\DummyLoader\DummyLoader.vcxproj", "{348B9F9C-194A-40D8-9F58-1E11306D9A72}"
EndProject
Project("{8BC9CEB8-8B4A-11D0-8D11-00A0C91BC942}") = "AfxHookGoldSrc", "prop\AfxHookGoldSrc\AfxHookGoldSrc.vcxproj", "{B5B38F84-EE5E-4B8E-A0B3-5AE3DC669896}"
EndProject
Project("{8BC9CEB8-8B4A-11D0-8D11-00A0C91BC942}") = "DummyDll", "prop\tests\DummyDll\DummyDll.vcxproj", "{3E037249-89F2-467D-8D42-9F27C0F33A9D}"
EndProject
Project("{8BC9CEB8-8B4A-11D0-8D11-00A0C91BC942}") = "RoundingErrors", "prop\tests\RoundingErrors\RoundingErrors.vcxproj", "{450B6761-36BF-4FA0-A076-14F900373D8D}"
EndProject
Project("{FAE04EC0-301F-11D3-BF4B-00C04F79EFBC}") = "AfxGui", "hlae\AfxGui.csproj", "{0BA0C36B-DC95-4B5F-9793-4CEF5B2FC60B}"
EndProject
Project("{FAE04EC0-301F-11D3-BF4B-00C04F79EFBC}") = "ShaderBuilder", "prop\ShaderBuilder\ShaderBuilder.csproj", "{3007A356-25EE-4E2B-A4DD-081D035DD9B2}"
EndProject
Project("{FAE04EC0-301F-11D3-BF4B-00C04F79EFBC}") = "ShaderDisassembler", "prop\ShaderDisassembler\ShaderDisassembler.csproj", "{18617F26-10C7-46BA-9EBE-92B648B0ACC5}"
EndProject
Project("{2150E333-8FDC-42A3-9474-1A3956D46DE8}") = "prop", "prop", "{F5C9EEAD-E3B3-4D52-9BD1-A4B51DC6EF8E}"
EndProject
Global
	GlobalSection(SolutionConfigurationPlatforms) = preSolution
		Debug|Win32 = Debug|Win32
		Release|Win32 = Release|Win32
	EndGlobalSection
	GlobalSection(ProjectConfigurationPlatforms) = postSolution
		{3B8B10B2-05E6-4D15-8022-65D3D60DCCCD}.Debug|Win32.ActiveCfg = Debug|Win32
		{3B8B10B2-05E6-4D15-8022-65D3D60DCCCD}.Debug|Win32.Build.0 = Debug|Win32
		{3B8B10B2-05E6-4D15-8022-65D3D60DCCCD}.Release|Win32.ActiveCfg = Release|Win32
		{3B8B10B2-05E6-4D15-8022-65D3D60DCCCD}.Release|Win32.Build.0 = Release|Win32
		{98ECBBB4-6BE2-42E2-8754-E18827852534}.Debug|Win32.ActiveCfg = Debug|Win32
		{98ECBBB4-6BE2-42E2-8754-E18827852534}.Debug|Win32.Build.0 = Debug|Win32
		{98ECBBB4-6BE2-42E2-8754-E18827852534}.Release|Win32.ActiveCfg = Release|Win32
		{98ECBBB4-6BE2-42E2-8754-E18827852534}.Release|Win32.Build.0 = Release|Win32
		{348B9F9C-194A-40D8-9F58-1E11306D9A72}.Debug|Win32.ActiveCfg = Debug|Win32
		{348B9F9C-194A-40D8-9F58-1E11306D9A72}.Debug|Win32.Build.0 = Debug|Win32
		{348B9F9C-194A-40D8-9F58-1E11306D9A72}.Release|Win32.ActiveCfg = Release|Win32
		{348B9F9C-194A-40D8-9F58-1E11306D9A72}.Release|Win32.Build.0 = Release|Win32
		{B5B38F84-EE5E-4B8E-A0B3-5AE3DC669896}.Debug|Win32.ActiveCfg = Debug|Win32
		{B5B38F84-EE5E-4B8E-A0B3-5AE3DC669896}.Debug|Win32.Build.0 = Debug|Win32
		{B5B38F84-EE5E-4B8E-A0B3-5AE3DC669896}.Release|Win32.ActiveCfg = Release|Win32
		{B5B38F84-EE5E-4B8E-A0B3-5AE3DC669896}.Release|Win32.Build.0 = Release|Win32
		{3E037249-89F2-467D-8D42-9F27C0F33A9D}.Debug|Win32.ActiveCfg = Debug|Win32
		{3E037249-89F2-467D-8D42-9F27C0F33A9D}.Debug|Win32.Build.0 = Debug|Win32
		{3E037249-89F2-467D-8D42-9F27C0F33A9D}.Release|Win32.ActiveCfg = Release|Win32
		{3E037249-89F2-467D-8D42-9F27C0F33A9D}.Release|Win32.Build.0 = Release|Win32
		{450B6761-36BF-4FA0-A076-14F900373D8D}.Debug|Win32.ActiveCfg = Debug|Win32
		{450B6761-36BF-4FA0-A076-14F900373D8D}.Debug|Win32.Build.0 = Debug|Win32
		{450B6761-36BF-4FA0-A076-14F900373D8D}.Release|Win32.ActiveCfg = Release|Win32
		{450B6761-36BF-4FA0-A076-14F900373D8D}.Release|Win32.Build.0 = Release|Win32
		{0BA0C36B-DC95-4B5F-9793-4CEF5B2FC60B}.Debug|Win32.ActiveCfg = Debug|x86
		{0BA0C36B-DC95-4B5F-9793-4CEF5B2FC60B}.Debug|Win32.Build.0 = Debug|x86
		{0BA0C36B-DC95-4B5F-9793-4CEF5B2FC60B}.Release|Win32.ActiveCfg = Release|x86
		{0BA0C36B-DC95-4B5F-9793-4CEF5B2FC60B}.Release|Win32.Build.0 = Release|x86
		{3007A356-25EE-4E2B-A4DD-081D035DD9B2}.Debug|Win32.ActiveCfg = Debug|x86
		{3007A356-25EE-4E2B-A4DD-081D035DD9B2}.Debug|Win32.Build.0 = Debug|x86
		{3007A356-25EE-4E2B-A4DD-081D035DD9B2}.Release|Win32.ActiveCfg = Release|x86
		{3007A356-25EE-4E2B-A4DD-081D035DD9B2}.Release|Win32.Build.0 = Release|x86
		{18617F26-10C7-46BA-9EBE-92B648B0ACC5}.Debug|Win32.ActiveCfg = Debug|x86
		{18617F26-10C7-46BA-9EBE-92B648B0ACC5}.Debug|Win32.Build.0 = Debug|x86
		{18617F26-10C7-46BA-9EBE-92B648B0ACC5}.Release|Win32.ActiveCfg = Release|x86
		{18617F26-10C7-46BA-9EBE-92B648B0ACC5}.Release|Win32.Build.0 = Release|x86
	EndGlobalSection
	GlobalSection(SolutionProperties) = preSolution
		HideSolutionNode = FALSE
	EndGlobalSection
	GlobalSection(NestedProjects) = preSolution
		{3B8B10B2-05E6-4D15-8022-65D3D60DCCCD} = {F5C9EEAD-E3B3-4D52-9BD1-A4B51DC6EF8E}
		{98ECBBB4-6BE2-42E2-8754-E18827852534} = {F5C9EEAD-E3B3-4D52-9BD1-A4B51DC6EF8E}
		{348B9F9C-194A-40D8-9F58-1E11306D9A72} = {F5C9EEAD-E3B3-4D52-9BD1-A4B51DC6EF8E}
		{B5B38F84-EE5E-4B8E-A0B3-5AE3DC669896} = {F5C9EEAD-E3B3-4D52-9BD1-A4B51DC6EF8E}
		{3E037249-89F2-467D-8D42-9F27C0F33A9D} = {F5C9EEAD-E3B3-4D52-9BD1-A4B51DC6EF8E}
		{450B6761-36BF-4FA0-A076-14F900373D8D} = {F5C9EEAD-E3B3-4D52-9BD1-A4B51DC6EF8E}
		{3007A356-25EE-4E2B-A4DD-081D035DD9B2} = {F5C9EEAD-E3B3-4D52-9BD1-A4B51DC6EF8E}
		{18617F26-10C7-46BA-9EBE-92B648B0ACC5} = {F5C9EEAD-E3B3-4D52-9BD1-A4B51DC6EF8E}
	EndGlobalSection
EndGlobal
