{
  "name": "mirv_pgl_test",
  "version": "1.0.0",
  "lockfileVersion": 3,
  "requires": true,
  "packages": {
    "": {
      "name": "mirv_pgl_test",
      "version": "1.0.0",
      "license": "MIT",
      "dependencies": {
        "big-integer": "^1.6.43",
        "ws": "^7.0.0"
      },
      "devDependencies": {}
    },
    "node_modules/big-integer": {
      "version": "1.6.51",
      "license": "Unlicense",
      "engines": {
        "node": ">=0.6"
      }
    },
    "node_modules/ws": {
      "version": "7.5.9",
      "license": "MIT",
      "engines": {
        "node": ">=8.3.0"
      },
      "peerDependencies": {
        "bufferutil": "^4.0.1",
        "utf-8-validate": "^5.0.2"
      },
      "peerDependenciesMeta": {
        "bufferutil": {
          "optional": true
        },
        "utf-8-validate": {
          "optional": true
        }
      }
    }
  }
}
