<?xml version="1.0" encoding="utf-8"?>
<Project ToolsVersion="4.0" xmlns="http://schemas.microsoft.com/developer/msbuild/2003">
  <ItemGroup>
    <Filter Include="AfxHookSource">
      <UniqueIdentifier>{3f97863e-150a-40ba-9637-3339a961d0a5}</UniqueIdentifier>
    </Filter>
    <Filter Include="shared">
      <UniqueIdentifier>{2c2ebb9f-0d53-4964-9634-7d46c48d15f5}</UniqueIdentifier>
    </Filter>
    <Filter Include="shared\vcpp">
      <UniqueIdentifier>{e3023297-861a-49fe-96b9-a38e1f33d3b9}</UniqueIdentifier>
    </Filter>
    <Filter Include="shared\hooks">
      <UniqueIdentifier>{7c634ae7-379f-48e5-b446-bd992d03a428}</UniqueIdentifier>
    </Filter>
    <Filter Include="AfxHookSource\csgo">
      <UniqueIdentifier>{20d707f9-e03c-4fc7-be5e-25e6860de1b6}</UniqueIdentifier>
    </Filter>
    <Filter Include="AfxHookSource\tf2">
      <UniqueIdentifier>{893953cb-3fd1-472a-bfbc-29dac105e26a}</UniqueIdentifier>
    </Filter>
    <Filter Include="AfxHookSource\cssV34">
      <UniqueIdentifier>{d238df75-30d1-4169-9ecd-7d78bb06b430}</UniqueIdentifier>
    </Filter>
    <Filter Include="AfxHookSource\Model">
      <UniqueIdentifier>{a4cc8591-8907-4694-a46f-f13fa19603de}</UniqueIdentifier>
    </Filter>
    <Filter Include="AfxHookSource\Model\Tasks">
      <UniqueIdentifier>{55c50603-0060-48cc-82f0-67e415a76b7f}</UniqueIdentifier>
    </Filter>
    <Filter Include="interfaces">
      <UniqueIdentifier>{fd3279bd-298a-45ca-8335-92e8c0e7ef1c}</UniqueIdentifier>
    </Filter>
    <Filter Include="AfxHookSource\csgo\hooks">
      <UniqueIdentifier>{eed7fb6d-936e-41f5-823f-82f0fdffc7c1}</UniqueIdentifier>
    </Filter>
    <Filter Include="interfaces\c">
      <UniqueIdentifier>{c4b62cbe-42a8-4391-841a-7d6faf3cba23}</UniqueIdentifier>
    </Filter>
    <Filter Include="deps">
      <UniqueIdentifier>{a3d0a266-8155-429e-aeb2-80e6d5a25760}</UniqueIdentifier>
    </Filter>
    <Filter Include="deps\release">
      <UniqueIdentifier>{33365555-eeb3-4609-b96e-8a2a9365b7bc}</UniqueIdentifier>
    </Filter>
    <Filter Include="deps\release\prop">
      <UniqueIdentifier>{2c79369e-082a-43c4-9f0a-abcaa115fed3}</UniqueIdentifier>
    </Filter>
    <Filter Include="deps\release\prop\AfxHookSource">
      <UniqueIdentifier>{71347936-3615-40c3-9176-b40656efd2c1}</UniqueIdentifier>
    </Filter>
    <Filter Include="deps\release\prop\AfxHookSource\tf2">
      <UniqueIdentifier>{f1fd1053-13bd-4e50-b0a8-289b92753542}</UniqueIdentifier>
    </Filter>
    <Filter Include="deps\release\prop\AfxHookSource\tf2\sdk_src">
      <UniqueIdentifier>{f608dc38-d74f-43fa-9df3-37bba2d1b046}</UniqueIdentifier>
    </Filter>
    <Filter Include="deps\release\prop\AfxHookSource\tf2\sdk_src\public">
      <UniqueIdentifier>{503732a3-01b8-44c2-93e8-1315ebb90827}</UniqueIdentifier>
    </Filter>
    <Filter Include="deps\release\prop\AfxHookSource\tf2\sdk_src\public\toolframework">
      <UniqueIdentifier>{72a42bdc-b41a-43e3-a509-b61415b6ac50}</UniqueIdentifier>
    </Filter>
    <Filter Include="deps\release\prop\AfxHookSource\tf2\sdk_src\public\engine">
      <UniqueIdentifier>{518eddb5-9fb7-4975-b5fb-031e96dc5fe6}</UniqueIdentifier>
    </Filter>
    <Filter Include="deps\release\prop\AfxHookSource\tf2\sdk_src\public\tier1">
      <UniqueIdentifier>{900f95bf-6aa8-4761-b1cc-b7ac0d1e7de4}</UniqueIdentifier>
    </Filter>
    <Filter Include="deps\release\prop\AfxHookSource\tf2\sdk_src\public\vstdlib">
      <UniqueIdentifier>{867ed517-56e4-4085-8048-703e5f088113}</UniqueIdentifier>
    </Filter>
    <Filter Include="deps\release\prop\AfxHookSource\tf2\sdk_src\public\tools">
      <UniqueIdentifier>{74c259a2-fd30-4bde-9926-a78254fc378c}</UniqueIdentifier>
    </Filter>
    <Filter Include="deps\release\prop\AfxHookSource\tf2\sdk_src\tier1">
      <UniqueIdentifier>{2d14fd8a-93a1-4753-8afc-efdd4e371f29}</UniqueIdentifier>
    </Filter>
    <Filter Include="deps\release\prop\AfxHookSource\cssV34">
      <UniqueIdentifier>{69f81927-4973-4858-b058-54f7ad644587}</UniqueIdentifier>
    </Filter>
    <Filter Include="deps\release\prop\AfxHookSource\cssV34\sdk_src">
      <UniqueIdentifier>{48a28d04-4c64-4277-aaa2-874a84be6132}</UniqueIdentifier>
    </Filter>
    <Filter Include="deps\release\prop\AfxHookSource\cssV34\sdk_src\public">
      <UniqueIdentifier>{9f590147-19b0-4f1b-adff-08ad2360f8dd}</UniqueIdentifier>
    </Filter>
    <Filter Include="deps\release\prop\AfxHookSource\cssV34\sdk_src\public\toolframework">
      <UniqueIdentifier>{77f22d89-0eab-4edb-8ed3-8fc51ace3d32}</UniqueIdentifier>
    </Filter>
    <Filter Include="deps\release\prop\AfxHookSource\cssV34\sdk_src\public\engine">
      <UniqueIdentifier>{8c436896-f82f-4fbd-9bcc-5e7eb7d2c3b7}</UniqueIdentifier>
    </Filter>
    <Filter Include="deps\release\prop\AfxHookSource\cssV34\sdk_src\public\tier1">
      <UniqueIdentifier>{a0cc0d1f-a236-47f7-88c6-3cdd63b61b20}</UniqueIdentifier>
    </Filter>
    <Filter Include="deps\release\prop\AfxHookSource\cssV34\sdk_src\public\tools">
      <UniqueIdentifier>{fd185cae-14ea-47af-8139-a82a6e697876}</UniqueIdentifier>
    </Filter>
    <Filter Include="deps\release\prop\AfxHookSource\cssV34\sdk_src\public\vstdlib">
      <UniqueIdentifier>{59aef25b-0f24-4f21-9136-81273a3d7682}</UniqueIdentifier>
    </Filter>
    <Filter Include="deps\release\prop\AfxHookSource\cssV34\sdk_src\tier1">
      <UniqueIdentifier>{1d7943ac-34f6-46f1-a19f-c4f21be91199}</UniqueIdentifier>
    </Filter>
    <Filter Include="deps\release\prop\AfxHookSource\csgo">
      <UniqueIdentifier>{2ee3f593-782d-4977-af12-85b29786e24a}</UniqueIdentifier>
    </Filter>
    <Filter Include="deps\release\prop\AfxHookSource\csgo\sdk_src">
      <UniqueIdentifier>{b7691e58-395d-4e94-91a9-db564b673c05}</UniqueIdentifier>
    </Filter>
    <Filter Include="deps\release\prop\AfxHookSource\csgo\sdk_src\public">
      <UniqueIdentifier>{63227a6e-3850-48e1-8dec-0929eeae71ff}</UniqueIdentifier>
    </Filter>
    <Filter Include="deps\release\prop\AfxHookSource\csgo\sdk_src\public\tier1">
      <UniqueIdentifier>{e5bd3852-373e-4a2a-9253-eb98a7e5fc88}</UniqueIdentifier>
    </Filter>
    <Filter Include="deps\release\prop\AfxHookSource\csgo\sdk_src\public\tier0">
      <UniqueIdentifier>{f9825239-4e37-4377-b07d-e4405cc365f0}</UniqueIdentifier>
    </Filter>
    <Filter Include="deps\release\prop\AfxHookSource\csgo\sdk_src\public\appframework">
      <UniqueIdentifier>{88fb477f-528b-4788-8024-4a423f9d006c}</UniqueIdentifier>
    </Filter>
    <Filter Include="deps\release\prop\AfxHookSource\csgo\sdk_src\public\interfaces">
      <UniqueIdentifier>{78b26f52-998e-4281-9901-81e73cf270a6}</UniqueIdentifier>
    </Filter>
    <Filter Include="deps\release\prop\AfxHookSource\swarm">
      <UniqueIdentifier>{c4d76367-e1fb-4c99-b085-902523ef566b}</UniqueIdentifier>
    </Filter>
    <Filter Include="deps\release\prop\AfxHookSource\swarm\public">
      <UniqueIdentifier>{79957499-419f-4702-bd9a-c53e5e7e928c}</UniqueIdentifier>
    </Filter>
    <Filter Include="deps\release\prop\AfxHookSource\swarm\public\appframework">
      <UniqueIdentifier>{80fea483-dfe2-4f71-bef9-d54bbd270574}</UniqueIdentifier>
    </Filter>
    <Filter Include="deps\release\prop\AfxHookSource\swarm\public\interfaces">
      <UniqueIdentifier>{296b72be-61c2-4a3f-9c97-565a83823452}</UniqueIdentifier>
    </Filter>
    <Filter Include="deps\release\prop\AfxHookSource\swarm\public\tier1">
      <UniqueIdentifier>{526945e0-b249-4446-b765-8857c6d6dc99}</UniqueIdentifier>
    </Filter>
    <Filter Include="deps\release\prop\AfxHookSource\swarm\public\tier0">
      <UniqueIdentifier>{b42a526a-6d5c-4bef-a0cf-2f301aea7040}</UniqueIdentifier>
    </Filter>
    <Filter Include="deps\release\prop\AfxHookSource\l4d2">
      <UniqueIdentifier>{cd77fb3a-8a86-4aa5-968f-b0014174a8b1}</UniqueIdentifier>
    </Filter>
    <Filter Include="deps\release\prop\AfxHookSource\l4d2\sdk_src">
      <UniqueIdentifier>{ab679ada-7ea9-4b43-82ce-baad674566e3}</UniqueIdentifier>
    </Filter>
    <Filter Include="deps\release\prop\AfxHookSource\l4d2\sdk_src\public">
      <UniqueIdentifier>{b4338a71-a2b3-4e73-af46-6b627565711d}</UniqueIdentifier>
    </Filter>
    <Filter Include="deps\release\prop\AfxHookSource\l4d2\sdk_src\public\appframework">
      <UniqueIdentifier>{42c88070-a308-47fe-b927-2e4c65f1007d}</UniqueIdentifier>
    </Filter>
    <Filter Include="deps\release\prop\AfxHookSource\l4d2\sdk_src\public\interfaces">
      <UniqueIdentifier>{171e3520-c9d4-475d-ae3a-6d41661740d9}</UniqueIdentifier>
    </Filter>
    <Filter Include="deps\release\prop\AfxHookSource\l4d2\sdk_src\public\tier0">
      <UniqueIdentifier>{48c53b74-c027-461b-a134-5aac1bb4acf1}</UniqueIdentifier>
    </Filter>
    <Filter Include="deps\release\prop\AfxHookSource\l4d2\sdk_src\public\tier1">
      <UniqueIdentifier>{43d04db8-21c5-4641-bedb-bca4db8a52a6}</UniqueIdentifier>
    </Filter>
    <Filter Include="deps\release\prop\AfxHookSource\bm">
      <UniqueIdentifier>{cd77fb3a-8a86-4aa5-968f-b0014174a8b1}</UniqueIdentifier>
    </Filter>
    <Filter Include="deps\release\prop\AfxHookSource\bm\sdk_src">
      <UniqueIdentifier>{ab679ada-7ea9-4b43-82ce-baad674566e3}</UniqueIdentifier>
    </Filter>
    <Filter Include="deps\release\prop\AfxHookSource\bm\sdk_src\public">
      <UniqueIdentifier>{b4338a71-a2b3-4e73-af46-6b627565711d}</UniqueIdentifier>
    </Filter>
    <Filter Include="deps\release\prop\AfxHookSource\bm\sdk_src\public\appframework">
      <UniqueIdentifier>{42c88070-a308-47fe-b927-2e4c65f1007d}</UniqueIdentifier>
    </Filter>
    <Filter Include="deps\release\prop\AfxHookSource\bm\sdk_src\public\interfaces">
      <UniqueIdentifier>{171e3520-c9d4-475d-ae3a-6d41661740d9}</UniqueIdentifier>
    </Filter>
    <Filter Include="deps\release\prop\AfxHookSource\bm\sdk_src\public\tier0">
      <UniqueIdentifier>{48c53b74-c027-461b-a134-5aac1bb4acf1}</UniqueIdentifier>
    </Filter>
    <Filter Include="deps\release\prop\AfxHookSource\bm\sdk_src\public\tier1">
      <UniqueIdentifier>{43d04db8-21c5-4641-bedb-bca4db8a52a6}</UniqueIdentifier>
    </Filter>
    <Filter Include="deps\release\prop\AfxHookSource\insurgency2">
      <UniqueIdentifier>{5b4593d7-7485-4074-9bff-13d6763c7575}</UniqueIdentifier>
    </Filter>
    <Filter Include="deps\release\prop\AfxHookSource\insurgency2\public">
      <UniqueIdentifier>{9f8a63b3-6460-48bd-a750-91b2e9c2c410}</UniqueIdentifier>
    </Filter>
    <Filter Include="deps\release\Detours">
      <UniqueIdentifier>{a00372c9-e182-48de-a4e5-f496755b2814}</UniqueIdentifier>
    </Filter>
    <Filter Include="deps\release\Detours\src">
      <UniqueIdentifier>{34b3b323-d378-40da-aa26-50a38883f92b}</UniqueIdentifier>
    </Filter>
    <Filter Include="AfxHookSource\momentum">
      <UniqueIdentifier>{ef946def-0efd-4b7b-b2c4-f29ef7ba2541}</UniqueIdentifier>
    </Filter>
    <Filter Include="deps\release\rapidxml">
      <UniqueIdentifier>{115c22f5-0cc1-433f-b2d1-0aec6d6d8529}</UniqueIdentifier>
    </Filter>
    <Filter Include="deps\release\prop\AfxHookSource\csgo\bitbuf">
      <UniqueIdentifier>{327029c8-9add-44ef-97cb-59e7449efb71}</UniqueIdentifier>
    </Filter>
    <Filter Include="build">
      <UniqueIdentifier>{eb755710-7d03-489f-a3f9-a9b29d02dcbd}</UniqueIdentifier>
    </Filter>
    <Filter Include="build\protobuf">
      <UniqueIdentifier>{a77d2b60-319e-48df-aa66-b152cf1af9db}</UniqueIdentifier>
    </Filter>
    <Filter Include="build\protobuf\csgo">
      <UniqueIdentifier>{34f554f5-817e-4abd-aab6-18b4be1e817c}</UniqueIdentifier>
    </Filter>
  </ItemGroup>
  <ItemGroup>
    <ClCompile Include="..\shared\bvhexport.cpp">
      <Filter>shared</Filter>
    </ClCompile>
    <ClCompile Include="..\shared\bvhimport.cpp">
      <Filter>shared</Filter>
    </ClCompile>
    <ClCompile Include="main.cpp">
      <Filter>AfxHookSource</Filter>
    </ClCompile>
    <ClCompile Include="MirvCommands.cpp">
      <Filter>AfxHookSource</Filter>
    </ClCompile>
    <ClCompile Include="RenderView.cpp">
      <Filter>AfxHookSource</Filter>
    </ClCompile>
    <ClCompile Include="WrpConsole.cpp">
      <Filter>AfxHookSource</Filter>
    </ClCompile>
    <ClCompile Include="WrpVEngineClient.cpp">
      <Filter>AfxHookSource</Filter>
    </ClCompile>
    <ClCompile Include="..\shared\StringTools.cpp">
      <Filter>shared</Filter>
    </ClCompile>
    <ClCompile Include="..\shared\vcpp\AfxAddr.cpp">
      <Filter>shared\vcpp</Filter>
    </ClCompile>
    <ClCompile Include="addresses.cpp">
      <Filter>AfxHookSource</Filter>
    </ClCompile>
    <ClCompile Include="WrpGlobals.cpp">
      <Filter>AfxHookSource</Filter>
    </ClCompile>
    <ClCompile Include="csgo_CHudDeathNotice.cpp">
      <Filter>AfxHookSource</Filter>
    </ClCompile>
    <ClCompile Include="..\shared\binutils.cpp">
      <Filter>shared</Filter>
    </ClCompile>
    <ClCompile Include="..\shared\CamPath.cpp">
      <Filter>shared</Filter>
    </ClCompile>
    <ClCompile Include="csgo_SndMixTimeScalePatch.cpp">
      <Filter>AfxHookSource</Filter>
    </ClCompile>
    <ClCompile Include="AfxHookSourceInput.cpp">
      <Filter>AfxHookSource</Filter>
    </ClCompile>
    <ClCompile Include="..\shared\hooks\gameOverlayRenderer.cpp">
      <Filter>shared\hooks</Filter>
    </ClCompile>
    <ClCompile Include="hlaeFolder.cpp">
      <Filter>AfxHookSource</Filter>
    </ClCompile>
    <ClCompile Include="AfxStreams.cpp">
      <Filter>AfxHookSource</Filter>
    </ClCompile>
    <ClCompile Include="AfxClasses.cpp">
      <Filter>AfxHookSource</Filter>
    </ClCompile>
    <ClCompile Include="d3d9Hooks.cpp">
      <Filter>AfxHookSource</Filter>
    </ClCompile>
    <ClCompile Include="csgo_CSkyBoxView.cpp">
      <Filter>AfxHookSource</Filter>
    </ClCompile>
    <ClCompile Include="CampathDrawer.cpp">
      <Filter>AfxHookSource</Filter>
    </ClCompile>
    <ClCompile Include="csgo_view.cpp">
      <Filter>AfxHookSource</Filter>
    </ClCompile>
    <ClCompile Include="..\shared\FileTools.cpp">
      <Filter>shared</Filter>
    </ClCompile>
    <ClCompile Include="..\shared\RawOutput.cpp">
      <Filter>shared</Filter>
    </ClCompile>
    <ClCompile Include="csgo_S_StartSound.cpp">
      <Filter>AfxHookSource</Filter>
    </ClCompile>
    <ClCompile Include="AfxShaders.cpp">
      <Filter>AfxHookSource</Filter>
    </ClCompile>
    <ClCompile Include="csgo_CViewRender.cpp">
      <Filter>AfxHookSource</Filter>
    </ClCompile>
    <ClCompile Include="..\shared\OpenExrOutput.cpp">
      <Filter>shared</Filter>
    </ClCompile>
    <ClCompile Include="aiming.cpp">
      <Filter>AfxHookSource</Filter>
    </ClCompile>
    <ClCompile Include="CommandSystem.cpp">
      <Filter>AfxHookSource</Filter>
    </ClCompile>
    <ClCompile Include="ClientTools.cpp">
      <Filter>AfxHookSource</Filter>
    </ClCompile>
    <ClCompile Include="MatRenderContextHook.cpp">
      <Filter>AfxHookSource</Filter>
    </ClCompile>
    <ClCompile Include="csgo_CBasePlayer.cpp">
      <Filter>AfxHookSource</Filter>
    </ClCompile>
    <ClCompile Include="MirvInputMem.cpp">
      <Filter>AfxHookSource</Filter>
    </ClCompile>
    <ClCompile Include="csgo_CCSGameMovement.cpp">
      <Filter>AfxHookSource</Filter>
    </ClCompile>
    <ClCompile Include="csgo_vphysics.cpp">
      <Filter>AfxHookSource</Filter>
    </ClCompile>
    <ClCompile Include="csgo_c_baseanimatingoverlay.cpp">
      <Filter>AfxHookSource</Filter>
    </ClCompile>
    <ClCompile Include="CamIO.cpp">
      <Filter>AfxHookSource</Filter>
    </ClCompile>
    <ClCompile Include="MirvPgl.cpp">
      <Filter>AfxHookSource</Filter>
    </ClCompile>
    <ClCompile Include="csgo_Stdshader_dx9_Hooks.cpp">
      <Filter>AfxHookSource</Filter>
    </ClCompile>
    <ClCompile Include="MirvCam.cpp">
      <Filter>AfxHookSource</Filter>
    </ClCompile>
    <ClCompile Include="MirvCalcs.cpp">
      <Filter>AfxHookSource</Filter>
    </ClCompile>
    <ClCompile Include="..\deps\release\prop\AfxHookSource\SourceInterfaces.cpp">
      <Filter>deps\release\prop\AfxHookSource</Filter>
    </ClCompile>
    <ClCompile Include="csgo_Audio.cpp">
      <Filter>AfxHookSource</Filter>
    </ClCompile>
    <ClCompile Include="csgo\ClientToolsCsgo.cpp">
      <Filter>AfxHookSource\csgo</Filter>
    </ClCompile>
    <ClCompile Include="..\deps\release\prop\AfxHookSource\SourceSdkShared.cpp">
      <Filter>deps\release\prop\AfxHookSource</Filter>
    </ClCompile>
    <ClCompile Include="tf2\ClientToolsTf2.cpp">
      <Filter>AfxHookSource\tf2</Filter>
    </ClCompile>
    <ClCompile Include="..\deps\release\prop\AfxHookSource\tf2\sdk_src\tier1\KeyValues.cpp">
      <Filter>deps\release\prop\AfxHookSource\tf2\sdk_src\tier1</Filter>
    </ClCompile>
    <ClCompile Include="..\deps\release\prop\AfxHookSource\tf2\sdk_src\public\tools\bonelist.cpp">
      <Filter>deps\release\prop\AfxHookSource\tf2\sdk_src\public\tools</Filter>
    </ClCompile>
    <ClCompile Include="cssV34\ClientToolsCssV34.cpp">
      <Filter>AfxHookSource\cssV34</Filter>
    </ClCompile>
    <ClCompile Include="..\deps\release\prop\AfxHookSource\cssV34\sdk_src\tier1\keyvalues.cpp">
      <Filter>deps\release\prop\AfxHookSource\cssV34\sdk_src\tier1</Filter>
    </ClCompile>
    <ClCompile Include="..\deps\release\prop\AfxHookSource\cssV34\sdk_src\public\tools\bonelist.cpp">
      <Filter>deps\release\prop\AfxHookSource\cssV34\sdk_src\public\tools</Filter>
    </ClCompile>
    <ClCompile Include="mirv_voice.cpp">
      <Filter>AfxHookSource</Filter>
    </ClCompile>
    <ClCompile Include="MirvWav.cpp">
      <Filter>AfxHookSource</Filter>
    </ClCompile>
    <ClCompile Include="Gui.cpp">
      <Filter>AfxHookSource</Filter>
    </ClCompile>
    <ClCompile Include="..\deps\release\prop\AfxHookSource\csgo\sdk_src\public\tier1\convar.cpp">
      <Filter>deps\release\prop\AfxHookSource\csgo\sdk_src\public\tier1</Filter>
    </ClCompile>
    <ClCompile Include="..\deps\release\prop\AfxHookSource\swarm\sdk_src\public\tier1\convar.cpp">
      <Filter>deps\release\prop\AfxHookSource\swarm\public\tier1</Filter>
    </ClCompile>
    <ClCompile Include="..\deps\release\prop\AfxHookSource\l4d2\sdk_src\public\tier1\convar.cpp">
      <Filter>deps\release\prop\AfxHookSource\l4d2\sdk_src\public\tier1</Filter>
    </ClCompile>
    <ClCompile Include="..\deps\release\prop\AfxHookSource\bm\sdk_src\public\tier1\convar.cpp">
      <Filter>deps\release\prop\AfxHookSource\bm\sdk_src\public\tier1</Filter>
    </ClCompile>
    <ClCompile Include="AfxInterop.cpp">
      <Filter>AfxHookSource</Filter>
    </ClCompile>
    <ClCompile Include="..\deps\release\Detours\src\detours.cpp">
      <Filter>deps\release\Detours\src</Filter>
    </ClCompile>
    <ClCompile Include="..\deps\release\Detours\src\disasm.cpp">
      <Filter>deps\release\Detours\src</Filter>
    </ClCompile>
    <ClCompile Include="..\deps\release\Detours\src\disolarm.cpp">
      <Filter>deps\release\Detours\src</Filter>
    </ClCompile>
    <ClCompile Include="..\deps\release\Detours\src\disolarm64.cpp">
      <Filter>deps\release\Detours\src</Filter>
    </ClCompile>
    <ClCompile Include="..\deps\release\Detours\src\disolia64.cpp">
      <Filter>deps\release\Detours\src</Filter>
    </ClCompile>
    <ClCompile Include="..\deps\release\Detours\src\disolx64.cpp">
      <Filter>deps\release\Detours\src</Filter>
    </ClCompile>
    <ClCompile Include="..\deps\release\Detours\src\disolx86.cpp">
      <Filter>deps\release\Detours\src</Filter>
    </ClCompile>
    <ClCompile Include="..\deps\release\Detours\src\image.cpp">
      <Filter>deps\release\Detours\src</Filter>
    </ClCompile>
    <ClCompile Include="..\deps\release\Detours\src\modules.cpp">
      <Filter>deps\release\Detours\src</Filter>
    </ClCompile>
    <ClCompile Include="csgo\Panorama.cpp">
      <Filter>AfxHookSource\csgo</Filter>
    </ClCompile>
    <ClCompile Include="FovScaling.cpp">
      <Filter>AfxHookSource</Filter>
    </ClCompile>
    <ClCompile Include="MirvTime.cpp">
      <Filter>AfxHookSource</Filter>
    </ClCompile>
    <ClCompile Include="csgo_CRendering3dView.cpp">
      <Filter>AfxHookSource</Filter>
    </ClCompile>
    <ClCompile Include="AfxWriteFileLimiter.cpp">
      <Filter>AfxHookSource</Filter>
    </ClCompile>
    <ClCompile Include="AfxThreadedRefCounted.cpp">
      <Filter>AfxHookSource</Filter>
    </ClCompile>
    <ClCompile Include="csgo_GameEvents.cpp">
      <Filter>AfxHookSource</Filter>
    </ClCompile>
    <ClCompile Include="..\shared\EasySampler.cpp">
      <Filter>shared</Filter>
    </ClCompile>
    <ClCompile Include="AfxCommandLine.cpp">
      <Filter>AfxHookSource</Filter>
    </ClCompile>
    <ClCompile Include="..\interfaces\c\test.c">
      <Filter>interfaces\c</Filter>
    </ClCompile>
    <ClCompile Include="..\shared\AfxDetours.cpp">
      <Filter>shared</Filter>
    </ClCompile>
    <ClCompile Include="..\shared\AfxConsole.cpp">
      <Filter>shared</Filter>
    </ClCompile>
    <ClCompile Include="..\shared\MirvCampath.cpp">
      <Filter>shared</Filter>
    </ClCompile>
    <ClCompile Include="..\shared\AfxColorLut.cpp">
      <Filter>shared</Filter>
    </ClCompile>
    <ClCompile Include="momentum\ClientToolsMom.cpp">
      <Filter>AfxHookSource\momentum</Filter>
    </ClCompile>
    <ClCompile Include="..\shared\AfxMath.cpp">
      <Filter>shared</Filter>
    </ClCompile>
    <ClCompile Include="..\shared\AfxOutStreams.cpp">
      <Filter>shared</Filter>
    </ClCompile>
    <ClCompile Include="csgo_net_chan.cpp">
      <Filter>AfxHookSource</Filter>
    </ClCompile>
    <ClCompile Include="..\deps\release\prop\AfxHookSource\csgo\bitbuf\demofilebitbuf.cpp">
      <Filter>deps\release\prop\AfxHookSource\csgo\bitbuf</Filter>
    </ClCompile>
    <ClCompile Include="..\build\protobuf\csgo\netmessages.pb.cc">
      <Filter>build\protobuf\csgo</Filter>
    </ClCompile>
    <ClCompile Include="..\shared\AfxGameRecord.cpp">
      <Filter>shared</Filter>
    </ClCompile>
    <ClCompile Include="csgo_models_replace.cpp">
      <Filter>AfxHookSource</Filter>
    </ClCompile>
  </ItemGroup>
  <ItemGroup>
    <ClInclude Include="..\shared\bvhexport.h">
      <Filter>shared</Filter>
    </ClInclude>
    <ClInclude Include="..\shared\bvhimport.h">
      <Filter>shared</Filter>
    </ClInclude>
    <ClInclude Include="RenderView.h">
      <Filter>AfxHookSource</Filter>
    </ClInclude>
    <ClInclude Include="stdafx.h">
      <Filter>AfxHookSource</Filter>
    </ClInclude>
    <ClInclude Include="WrpConsole.h">
      <Filter>AfxHookSource</Filter>
    </ClInclude>
    <ClInclude Include="WrpVEngineClient.h">
      <Filter>AfxHookSource</Filter>
    </ClInclude>
    <ClInclude Include="..\shared\StringTools.h">
      <Filter>shared</Filter>
    </ClInclude>
    <ClInclude Include="..\shared\vcpp\AfxAddr.h">
      <Filter>shared\vcpp</Filter>
    </ClInclude>
    <ClInclude Include="WrpGlobals.h">
      <Filter>AfxHookSource</Filter>
    </ClInclude>
    <ClInclude Include="csgo_CHudDeathNotice.h">
      <Filter>AfxHookSource</Filter>
    </ClInclude>
    <ClInclude Include="..\shared\binutils.h">
      <Filter>shared</Filter>
    </ClInclude>
    <ClInclude Include="..\shared\CamPath.h">
      <Filter>shared</Filter>
    </ClInclude>
    <ClInclude Include="csgo_SndMixTimeScalePatch.h">
      <Filter>AfxHookSource</Filter>
    </ClInclude>
    <ClInclude Include="AfxHookSourceInput.h">
      <Filter>AfxHookSource</Filter>
    </ClInclude>
    <ClInclude Include="..\shared\hooks\gameOverlayRenderer.h">
      <Filter>shared\hooks</Filter>
    </ClInclude>
    <ClInclude Include="hlaeFolder.h">
      <Filter>AfxHookSource</Filter>
    </ClInclude>
    <ClInclude Include="AfxInterfaces.h">
      <Filter>AfxHookSource</Filter>
    </ClInclude>
    <ClInclude Include="AfxStreams.h">
      <Filter>AfxHookSource</Filter>
    </ClInclude>
    <ClInclude Include="AfxClasses.h">
      <Filter>AfxHookSource</Filter>
    </ClInclude>
    <ClInclude Include="d3d9Hooks.h">
      <Filter>AfxHookSource</Filter>
    </ClInclude>
    <ClInclude Include="csgo_CSkyBoxView.h">
      <Filter>AfxHookSource</Filter>
    </ClInclude>
    <ClInclude Include="CampathDrawer.h">
      <Filter>AfxHookSource</Filter>
    </ClInclude>
    <ClInclude Include="csgo_view.h">
      <Filter>AfxHookSource</Filter>
    </ClInclude>
    <ClInclude Include="..\shared\FileTools.h">
      <Filter>shared</Filter>
    </ClInclude>
    <ClInclude Include="..\shared\RawOutput.h">
      <Filter>shared</Filter>
    </ClInclude>
    <ClInclude Include="csgo_S_StartSound.h">
      <Filter>AfxHookSource</Filter>
    </ClInclude>
    <ClInclude Include="AfxShaders.h">
      <Filter>AfxHookSource</Filter>
    </ClInclude>
    <ClInclude Include="asmClassTools.h">
      <Filter>AfxHookSource</Filter>
    </ClInclude>
    <ClInclude Include="csgo_CViewRender.h">
      <Filter>AfxHookSource</Filter>
    </ClInclude>
    <ClInclude Include="..\shared\OpenExrOutput.h">
      <Filter>shared</Filter>
    </ClInclude>
    <ClInclude Include="aiming.h">
      <Filter>AfxHookSource</Filter>
    </ClInclude>
    <ClInclude Include="CommandSystem.h">
      <Filter>AfxHookSource</Filter>
    </ClInclude>
    <ClInclude Include="MatRenderContextHook.h">
      <Filter>AfxHookSource</Filter>
    </ClInclude>
    <ClInclude Include="csgo_CBasePlayer.h">
      <Filter>AfxHookSource</Filter>
    </ClInclude>
    <ClInclude Include="MirvInputMem.h">
      <Filter>AfxHookSource</Filter>
    </ClInclude>
    <ClInclude Include="csgo_CCSGameMovement.h">
      <Filter>AfxHookSource</Filter>
    </ClInclude>
    <ClInclude Include="csgo_vphysics.h">
      <Filter>AfxHookSource</Filter>
    </ClInclude>
    <ClInclude Include="csgo_c_baseanimatingoverlay.h">
      <Filter>AfxHookSource</Filter>
    </ClInclude>
    <ClInclude Include="CamIO.h">
      <Filter>AfxHookSource</Filter>
    </ClInclude>
    <ClInclude Include="MirvPgl.h">
      <Filter>AfxHookSource</Filter>
    </ClInclude>
    <ClInclude Include="csgo_Stdshader_dx9_Hooks.h">
      <Filter>AfxHookSource</Filter>
    </ClInclude>
    <ClInclude Include="MirvCam.h">
      <Filter>AfxHookSource</Filter>
    </ClInclude>
    <ClInclude Include="MirvCalcs.h">
      <Filter>AfxHookSource</Filter>
    </ClInclude>
    <ClInclude Include="..\deps\release\prop\AfxHookSource\SourceInterfaces.h">
      <Filter>deps\release\prop\AfxHookSource</Filter>
    </ClInclude>
    <ClInclude Include="csgo_Audio.h">
      <Filter>AfxHookSource</Filter>
    </ClInclude>
    <ClInclude Include="..\deps\release\prop\AfxHookSource\tf2\sdk_src\public\toolframework\itoolentity.h">
      <Filter>deps\release\prop\AfxHookSource\tf2\sdk_src\public\toolframework</Filter>
    </ClInclude>
    <ClInclude Include="..\deps\release\prop\AfxHookSource\tf2\sdk_src\public\engine\ishadowmgr.h">
      <Filter>deps\release\prop\AfxHookSource\tf2\sdk_src\public\engine</Filter>
    </ClInclude>
    <ClInclude Include="..\deps\release\prop\AfxHookSource\tf2\sdk_src\public\toolframework\itoolframework.h">
      <Filter>deps\release\prop\AfxHookSource\tf2\sdk_src\public\toolframework</Filter>
    </ClInclude>
    <ClInclude Include="..\deps\release\prop\AfxHookSource\tf2\sdk_src\public\iclientrenderable.h">
      <Filter>deps\release\prop\AfxHookSource\tf2\sdk_src\public</Filter>
    </ClInclude>
    <ClInclude Include="..\deps\release\prop\AfxHookSource\tf2\sdk_src\public\basehandle.h">
      <Filter>deps\release\prop\AfxHookSource\tf2\sdk_src\public</Filter>
    </ClInclude>
    <ClInclude Include="..\deps\release\prop\AfxHookSource\tf2\sdk_src\public\const.h">
      <Filter>deps\release\prop\AfxHookSource\tf2\sdk_src\public</Filter>
    </ClInclude>
    <ClInclude Include="..\deps\release\prop\AfxHookSource\tf2\sdk_src\public\ihandleentity.h">
      <Filter>deps\release\prop\AfxHookSource\tf2\sdk_src\public</Filter>
    </ClInclude>
    <ClInclude Include="ClientTools.h">
      <Filter>AfxHookSource</Filter>
    </ClInclude>
    <ClInclude Include="csgo\ClientToolsCsgo.h">
      <Filter>AfxHookSource\csgo</Filter>
    </ClInclude>
    <ClInclude Include="..\deps\release\prop\AfxHookSource\SourceSdkShared.h">
      <Filter>deps\release\prop\AfxHookSource</Filter>
    </ClInclude>
    <ClInclude Include="tf2\ClientToolsTf2.h">
      <Filter>AfxHookSource\tf2</Filter>
    </ClInclude>
    <ClInclude Include="..\deps\release\prop\AfxHookSource\tf2\sdk_src\public\tier1\KeyValues.h">
      <Filter>deps\release\prop\AfxHookSource\tf2\sdk_src\public\tier1</Filter>
    </ClInclude>
    <ClInclude Include="..\deps\release\prop\AfxHookSource\tf2\sdk_src\public\vstdlib\IKeyValuesSystem.h">
      <Filter>deps\release\prop\AfxHookSource\tf2\sdk_src\public\vstdlib</Filter>
    </ClInclude>
    <ClInclude Include="..\deps\release\prop\AfxHookSource\tf2\sdk_src\public\tools\bonelist.h">
      <Filter>deps\release\prop\AfxHookSource\tf2\sdk_src\public\tools</Filter>
    </ClInclude>
    <ClInclude Include="cssV34\ClientToolsCssV34.h">
      <Filter>AfxHookSource\cssV34</Filter>
    </ClInclude>
    <ClInclude Include="..\deps\release\prop\AfxHookSource\cssV34\sdk_src\public\toolframework\itoolentity.h">
      <Filter>deps\release\prop\AfxHookSource\cssV34\sdk_src\public\toolframework</Filter>
    </ClInclude>
    <ClInclude Include="..\deps\release\prop\AfxHookSource\cssV34\sdk_src\public\toolframework\itoolframework.h">
      <Filter>deps\release\prop\AfxHookSource\cssV34\sdk_src\public\toolframework</Filter>
    </ClInclude>
    <ClInclude Include="..\deps\release\prop\AfxHookSource\cssV34\sdk_src\public\engine\ishadowmgr.h">
      <Filter>deps\release\prop\AfxHookSource\cssV34\sdk_src\public\engine</Filter>
    </ClInclude>
    <ClInclude Include="..\deps\release\prop\AfxHookSource\cssV34\sdk_src\public\tier1\keyvalues.h">
      <Filter>deps\release\prop\AfxHookSource\cssV34\sdk_src\public\tier1</Filter>
    </ClInclude>
    <ClInclude Include="..\deps\release\prop\AfxHookSource\cssV34\sdk_src\public\tools\bonelist.h">
      <Filter>deps\release\prop\AfxHookSource\cssV34\sdk_src\public\tools</Filter>
    </ClInclude>
    <ClInclude Include="..\deps\release\prop\AfxHookSource\cssV34\sdk_src\public\vstdlib\ikeyvaluessystem.h">
      <Filter>deps\release\prop\AfxHookSource\cssV34\sdk_src\public\vstdlib</Filter>
    </ClInclude>
    <ClInclude Include="..\deps\release\prop\AfxHookSource\cssV34\sdk_src\public\basehandle.h">
      <Filter>deps\release\prop\AfxHookSource\cssV34\sdk_src\public</Filter>
    </ClInclude>
    <ClInclude Include="..\deps\release\prop\AfxHookSource\cssV34\sdk_src\public\const.h">
      <Filter>deps\release\prop\AfxHookSource\cssV34\sdk_src\public</Filter>
    </ClInclude>
    <ClInclude Include="..\deps\release\prop\AfxHookSource\cssV34\sdk_src\public\iclientrenderable.h">
      <Filter>deps\release\prop\AfxHookSource\cssV34\sdk_src\public</Filter>
    </ClInclude>
    <ClInclude Include="..\deps\release\prop\AfxHookSource\cssV34\sdk_src\public\ihandleentity.h">
      <Filter>deps\release\prop\AfxHookSource\cssV34\sdk_src\public</Filter>
    </ClInclude>
    <ClInclude Include="MirvWav.h">
      <Filter>AfxHookSource</Filter>
    </ClInclude>
    <ClInclude Include="mirv_voice.h">
      <Filter>AfxHookSource</Filter>
    </ClInclude>
    <ClInclude Include="Gui.h">
      <Filter>AfxHookSource</Filter>
    </ClInclude>
    <ClInclude Include="Model\Schedule.h">
      <Filter>AfxHookSource\Model</Filter>
    </ClInclude>
    <ClInclude Include="Model\Tasks\Task.h">
      <Filter>AfxHookSource\Model\Tasks</Filter>
    </ClInclude>
    <ClInclude Include="Model\Tasks\Record.h">
      <Filter>AfxHookSource\Model\Tasks</Filter>
    </ClInclude>
    <ClInclude Include="Model\Events.h">
      <Filter>AfxHookSource\Model</Filter>
    </ClInclude>
    <ClInclude Include="Model\Properties.h">
      <Filter>AfxHookSource\Model</Filter>
    </ClInclude>
    <ClInclude Include="Model\DemoTime.h">
      <Filter>AfxHookSource\Model</Filter>
    </ClInclude>
    <ClInclude Include="Model\Model.h">
      <Filter>AfxHookSource\Model</Filter>
    </ClInclude>
    <ClInclude Include="..\deps\release\prop\AfxHookSource\csgo\sdk_src\public\tier0\memalloc.h">
      <Filter>deps\release\prop\AfxHookSource\csgo\sdk_src\public\tier0</Filter>
    </ClInclude>
    <ClInclude Include="..\deps\release\prop\AfxHookSource\csgo\sdk_src\public\tier1\convar.h">
      <Filter>deps\release\prop\AfxHookSource\csgo\sdk_src\public\tier1</Filter>
    </ClInclude>
    <ClInclude Include="..\deps\release\prop\AfxHookSource\csgo\sdk_src\public\tier1\iconvar.h">
      <Filter>deps\release\prop\AfxHookSource\csgo\sdk_src\public\tier1</Filter>
    </ClInclude>
    <ClInclude Include="..\deps\release\prop\AfxHookSource\csgo\sdk_src\public\icvar.h">
      <Filter>deps\release\prop\AfxHookSource\csgo\sdk_src\public</Filter>
    </ClInclude>
    <ClInclude Include="..\deps\release\prop\AfxHookSource\csgo\sdk_src\public\appframework\IAppSystem.h">
      <Filter>deps\release\prop\AfxHookSource\csgo\sdk_src\public\appframework</Filter>
    </ClInclude>
    <ClInclude Include="..\deps\release\prop\AfxHookSource\csgo\sdk_src\public\interfaces\interfaces.h">
      <Filter>deps\release\prop\AfxHookSource\csgo\sdk_src\public\interfaces</Filter>
    </ClInclude>
    <ClInclude Include="..\deps\release\prop\AfxHookSource\swarm\sdk_src\public\appframework\IAppSystem.h">
      <Filter>deps\release\prop\AfxHookSource\swarm\public\appframework</Filter>
    </ClInclude>
    <ClInclude Include="..\deps\release\prop\AfxHookSource\swarm\sdk_src\public\interfaces\interfaces.h">
      <Filter>deps\release\prop\AfxHookSource\swarm\public\interfaces</Filter>
    </ClInclude>
    <ClInclude Include="..\deps\release\prop\AfxHookSource\swarm\sdk_src\public\tier0\memalloc.h">
      <Filter>deps\release\prop\AfxHookSource\swarm\public\tier0</Filter>
    </ClInclude>
    <ClInclude Include="..\deps\release\prop\AfxHookSource\swarm\sdk_src\public\tier1\convar.h">
      <Filter>deps\release\prop\AfxHookSource\swarm\public\tier1</Filter>
    </ClInclude>
    <ClInclude Include="..\deps\release\prop\AfxHookSource\swarm\sdk_src\public\tier1\iconvar.h">
      <Filter>deps\release\prop\AfxHookSource\swarm\public\tier1</Filter>
    </ClInclude>
    <ClInclude Include="..\deps\release\prop\AfxHookSource\swarm\sdk_src\public\icvar.h">
      <Filter>deps\release\prop\AfxHookSource\swarm\public</Filter>
    </ClInclude>
    <ClInclude Include="..\deps\release\prop\AfxHookSource\l4d2\sdk_src\public\appframework\IAppSystem.h">
      <Filter>deps\release\prop\AfxHookSource\l4d2\sdk_src\public\appframework</Filter>
    </ClInclude>
    <ClInclude Include="..\deps\release\prop\AfxHookSource\l4d2\sdk_src\public\interfaces\interfaces.h">
      <Filter>deps\release\prop\AfxHookSource\l4d2\sdk_src\public\interfaces</Filter>
    </ClInclude>
    <ClInclude Include="..\deps\release\prop\AfxHookSource\l4d2\sdk_src\public\tier0\memalloc.h">
      <Filter>deps\release\prop\AfxHookSource\l4d2\sdk_src\public\tier0</Filter>
    </ClInclude>
    <ClInclude Include="..\deps\release\prop\AfxHookSource\l4d2\sdk_src\public\tier1\convar.h">
      <Filter>deps\release\prop\AfxHookSource\l4d2\sdk_src\public\tier1</Filter>
    </ClInclude>
    <ClInclude Include="..\deps\release\prop\AfxHookSource\l4d2\sdk_src\public\tier1\iconvar.h">
      <Filter>deps\release\prop\AfxHookSource\l4d2\sdk_src\public\tier1</Filter>
    </ClInclude>
    <ClInclude Include="..\deps\release\prop\AfxHookSource\l4d2\sdk_src\public\icvar.h">
      <Filter>deps\release\prop\AfxHookSource\l4d2\sdk_src\public</Filter>
    </ClInclude>
    <ClInclude Include="..\interfaces\c\AfxHookSource.h">
      <Filter>interfaces\c</Filter>
    </ClInclude>
    <ClInclude Include="..\deps\release\prop\AfxHookSource\bm\sdk_src\public\appframework\IAppSystem.h">
      <Filter>deps\release\prop\AfxHookSource\bm\sdk_src\public\appframework</Filter>
    </ClInclude>
    <ClInclude Include="..\deps\release\prop\AfxHookSource\bm\sdk_src\public\interfaces\interfaces.h">
      <Filter>deps\release\prop\AfxHookSource\bm\sdk_src\public\interfaces</Filter>
    </ClInclude>
    <ClInclude Include="..\deps\release\prop\AfxHookSource\bm\sdk_src\public\tier0\memalloc.h">
      <Filter>deps\release\prop\AfxHookSource\bm\sdk_src\public\tier0</Filter>
    </ClInclude>
    <ClInclude Include="..\deps\release\prop\AfxHookSource\bm\sdk_src\public\tier1\convar.h">
      <Filter>deps\release\prop\AfxHookSource\bm\sdk_src\public\tier1</Filter>
    </ClInclude>
    <ClInclude Include="..\deps\release\prop\AfxHookSource\bm\sdk_src\public\cdll_int.h">
      <Filter>deps\release\prop\AfxHookSource\bm\sdk_src\public</Filter>
    </ClInclude>
    <ClInclude Include="..\deps\release\prop\AfxHookSource\bm\sdk_src\public\tier1\iconvar.h">
      <Filter>deps\release\prop\AfxHookSource\bm\sdk_src\public\tier1</Filter>
    </ClInclude>
    <ClInclude Include="..\deps\release\prop\AfxHookSource\bm\sdk_src\public\icvar.h">
      <Filter>deps\release\prop\AfxHookSource\bm\sdk_src\public</Filter>
    </ClInclude>
    <ClInclude Include="AfxInterop.h">
      <Filter>AfxHookSource</Filter>
    </ClInclude>
    <ClInclude Include="..\deps\release\Detours\src\detours.h">
      <Filter>deps\release\Detours\src</Filter>
    </ClInclude>
    <ClInclude Include="..\deps\release\Detours\src\detver.h">
      <Filter>deps\release\Detours\src</Filter>
    </ClInclude>
    <ClInclude Include="csgo\Panorama.h">
      <Filter>AfxHookSource\csgo</Filter>
    </ClInclude>
    <ClInclude Include="FovScaling.h">
      <Filter>AfxHookSource</Filter>
    </ClInclude>
    <ClInclude Include="addresses.h">
      <Filter>AfxHookSource</Filter>
    </ClInclude>
    <ClInclude Include="..\deps\release\prop\AfxHookSource\insurgency2\public\cdll_int.h">
      <Filter>deps\release\prop\AfxHookSource\insurgency2\public</Filter>
    </ClInclude>
    <ClInclude Include="MirvTime.h">
      <Filter>AfxHookSource</Filter>
    </ClInclude>
    <ClInclude Include="csgo_CRendering3dView.h">
      <Filter>AfxHookSource</Filter>
    </ClInclude>
    <ClInclude Include="AfxWriteFileLimiter.h">
      <Filter>AfxHookSource</Filter>
    </ClInclude>
    <ClInclude Include="AfxThreadedRefCounted.h">
      <Filter>AfxHookSource</Filter>
    </ClInclude>
    <ClInclude Include="csgo_GameEvents.h">
      <Filter>AfxHookSource</Filter>
    </ClInclude>
    <ClInclude Include="..\shared\EasySampler.h">
      <Filter>shared</Filter>
    </ClInclude>
    <ClInclude Include="AfxCommandLine.h">
      <Filter>AfxHookSource</Filter>
    </ClInclude>
    <ClInclude Include="..\shared\AfxDetours.h">
      <Filter>shared</Filter>
    </ClInclude>
    <ClInclude Include="..\shared\AfxConsole.h">
      <Filter>shared</Filter>
    </ClInclude>
    <ClInclude Include="..\shared\MirvCampath.h">
      <Filter>shared</Filter>
    </ClInclude>
    <ClInclude Include="..\shared\AfxColorLut.h">
      <Filter>shared</Filter>
    </ClInclude>
    <ClInclude Include="..\interfaces\c\AdvancedfxTypes.h">
      <Filter>interfaces\c</Filter>
    </ClInclude>
    <ClInclude Include="..\interfaces\c\AdvancedfxLibrary.h">
      <Filter>interfaces\c</Filter>
    </ClInclude>
    <ClInclude Include="momentum\ClientToolsMom.h">
      <Filter>AfxHookSource\momentum</Filter>
    </ClInclude>
    <ClInclude Include="..\deps\release\rapidxml\rapidxml.hpp">
      <Filter>deps\release\rapidxml</Filter>
    </ClInclude>
    <ClInclude Include="..\deps\release\rapidxml\rapidxml_iterators.hpp">
      <Filter>deps\release\rapidxml</Filter>
    </ClInclude>
    <ClInclude Include="..\deps\release\rapidxml\rapidxml_print.hpp">
      <Filter>deps\release\rapidxml</Filter>
    </ClInclude>
    <ClInclude Include="..\deps\release\rapidxml\rapidxml_utils.hpp">
      <Filter>deps\release\rapidxml</Filter>
    </ClInclude>
    <ClInclude Include="..\shared\AfxMath.h">
      <Filter>shared</Filter>
    </ClInclude>
    <ClInclude Include="..\shared\AfxImageBuffer.h">
      <Filter>shared</Filter>
    </ClInclude>
    <ClInclude Include="..\shared\AfxOutStreams.h">
      <Filter>shared</Filter>
    </ClInclude>
    <ClInclude Include="..\shared\AfxRefCounted.h">
      <Filter>shared</Filter>
    </ClInclude>
    <ClInclude Include="..\deps\release\prop\AfxHookSource\csgo\bitbuf\demofilebitbuf.h">
      <Filter>deps\release\prop\AfxHookSource\csgo\bitbuf</Filter>
    </ClInclude>
    <ClInclude Include="csgo_net_chan.h">
      <Filter>AfxHookSource</Filter>
    </ClInclude>
    <ClInclude Include="..\build\protobuf\csgo\netmessages.pb.h">
      <Filter>build\protobuf\csgo</Filter>
    </ClInclude>
    <ClInclude Include="..\shared\AfxGameRecord.h">
      <Filter>shared</Filter>
    </ClInclude>
    <ClInclude Include="csgo_models_replace.h">
      <Filter>AfxHookSource</Filter>
    </ClInclude>
  </ItemGroup>
</Project>