<?xml version="1.0" encoding="utf-8"?>
<Project ToolsVersion="4.0" xmlns="http://schemas.microsoft.com/developer/msbuild/2003">
  <ItemGroup>
    <Filter Include="AfxHookInterop">
      <UniqueIdentifier>{681e6be2-8791-4547-ac3d-61e468af2edf}</UniqueIdentifier>
    </Filter>
    <Filter Include="shared">
      <UniqueIdentifier>{fa6b9300-4f1e-438d-a95a-92e20a05c3f4}</UniqueIdentifier>
    </Filter>
    <Filter Include="shared\Detours">
      <UniqueIdentifier>{57a8a434-5d78-4d3c-ba63-0fb97bcf322b}</UniqueIdentifier>
    </Filter>
    <Filter Include="shared\Detours\src">
      <UniqueIdentifier>{ce90b3fa-aeb3-4a62-a292-07e0e5d12f46}</UniqueIdentifier>
    </Filter>
  </ItemGroup>
  <ItemGroup>
    <ClCompile Include="..\shared\Detours\src\detours.cpp">
      <Filter>shared\Detours\src</Filter>
    </ClCompile>
    <ClCompile Include="..\shared\Detours\src\disasm.cpp">
      <Filter>shared\Detours\src</Filter>
    </ClCompile>
    <ClCompile Include="..\shared\Detours\src\disolarm.cpp">
      <Filter>shared\Detours\src</Filter>
    </ClCompile>
    <ClCompile Include="..\shared\Detours\src\disolarm64.cpp">
      <Filter>shared\Detours\src</Filter>
    </ClCompile>
    <ClCompile Include="..\shared\Detours\src\disolia64.cpp">
      <Filter>shared\Detours\src</Filter>
    </ClCompile>
    <ClCompile Include="..\shared\Detours\src\disolx64.cpp">
      <Filter>shared\Detours\src</Filter>
    </ClCompile>
    <ClCompile Include="..\shared\Detours\src\disolx86.cpp">
      <Filter>shared\Detours\src</Filter>
    </ClCompile>
    <ClCompile Include="..\shared\Detours\src\image.cpp">
      <Filter>shared\Detours\src</Filter>
    </ClCompile>
    <ClCompile Include="..\shared\Detours\src\modules.cpp">
      <Filter>shared\Detours\src</Filter>
    </ClCompile>
    <ClCompile Include="dllmain.cpp">
      <Filter>AfxHookInterop</Filter>
    </ClCompile>
  </ItemGroup>
  <ItemGroup>
    <ClInclude Include="..\shared\Detours\src\detours.h">
      <Filter>shared\Detours\src</Filter>
    </ClInclude>
    <ClInclude Include="..\shared\Detours\src\detver.h">
      <Filter>shared\Detours\src</Filter>
    </ClInclude>
    <ClInclude Include="stdafx.h">
      <Filter>AfxHookInterop</Filter>
    </ClInclude>
  </ItemGroup>
</Project>